
Microsoft Visual Studio Solution File, Format Version 12.00
# Visual Studio 15
VisualStudioVersion = 15.0.27428.1
MinimumVisualStudioVersion = 10.0.40219.1
Project("{8BC9CEB8-8B4A-11D0-8D11-00A0C91BC942}") = "3", "3\3.vcxproj", "{9D62654D-0E90-40D8-B83C-367AD4E49FE0}"
EndProject
Global
	GlobalSection(SolutionConfigurationPlatforms) = preSolution
		Debug|x64 = Debug|x64
		Debug|x86 = Debug|x86
		Release|x64 = Release|x64
		Release|x86 = Release|x86
	EndGlobalSection
	GlobalSection(ProjectConfigurationPlatforms) = postSolution
		{9D62654D-0E90-40D8-B83C-367AD4E49FE0}.Debug|x64.ActiveCfg = Debug|x64
		{9D62654D-0E90-40D8-B83C-367AD4E49FE0}.Debug|x64.Build.0 = Debug|x64
		{9D62654D-0E90-40D8-B83C-367AD4E49FE0}.Debug|x86.ActiveCfg = Debug|Win32
		{9D62654D-0E90-40D8-B83C-367AD4E49FE0}.Debug|x86.Build.0 = Debug|Win32
		{9D62654D-0E90-40D8-B83C-367AD4E49FE0}.Release|x64.ActiveCfg = Release|x64
		{9D62654D-0E90-40D8-B83C-367AD4E49FE0}.Release|x64.Build.0 = Release|x64
		{9D62654D-0E90-40D8-B83C-367AD4E49FE0}.Release|x86.ActiveCfg = Release|Win32
		{9D62654D-0E90-40D8-B83C-367AD4E49FE0}.Release|x86.Build.0 = Release|Win32
	EndGlobalSection
	GlobalSection(SolutionProperties) = preSolution
		HideSolutionNode = FALSE
	EndGlobalSection
	GlobalSection(ExtensibilityGlobals) = postSolution
		SolutionGuid = {2B69617B-FAF1-4480-9DEB-6CC1436DD1C2}
	EndGlobalSection
EndGlobal
